
Microsoft Visual Studio Solution File, Format Version 12.00
# Visual Studio 15
VisualStudioVersion = 15.0.26403.7
MinimumVisualStudioVersion = 10.0.40219.1
Project("{8BC9CEB8-8B4A-11D0-8D11-00A0C91BC942}") = "Picador", "Picador\Picador.vcxproj", "{B6ED8F9B-A0D3-45F4-86A3-52431782F818}"
EndProject
Project("{8BC9CEB8-8B4A-11D0-8D11-00A0C91BC942}") = "PSTD", "PSTD\PSTD.vcxproj", "{55B08873-DCC8-4AA0-BB86-7BFAF420D1B7}"
EndProject
Global
	GlobalSection(SolutionConfigurationPlatforms) = preSolution
		Debug|x64 = Debug|x64
		Debug|x86 = Debug|x86
		Release|x64 = Release|x64
		Release|x86 = Release|x86
	EndGlobalSection
	GlobalSection(ProjectConfigurationPlatforms) = postSolution
		{B6ED8F9B-A0D3-45F4-86A3-52431782F818}.Debug|x64.ActiveCfg = Debug|x64
		{B6ED8F9B-A0D3-45F4-86A3-52431782F818}.Debug|x64.Build.0 = Debug|x64
		{B6ED8F9B-A0D3-45F4-86A3-52431782F818}.Debug|x86.ActiveCfg = Debug|Win32
		{B6ED8F9B-A0D3-45F4-86A3-52431782F818}.Debug|x86.Build.0 = Debug|Win32
		{B6ED8F9B-A0D3-45F4-86A3-52431782F818}.Release|x64.ActiveCfg = Release|x64
		{B6ED8F9B-A0D3-45F4-86A3-52431782F818}.Release|x64.Build.0 = Release|x64
		{B6ED8F9B-A0D3-45F4-86A3-52431782F818}.Release|x86.ActiveCfg = Release|Win32
		{B6ED8F9B-A0D3-45F4-86A3-52431782F818}.Release|x86.Build.0 = Release|Win32
		{55B08873-DCC8-4AA0-BB86-7BFAF420D1B7}.Debug|x64.ActiveCfg = Debug|x64
		{55B08873-DCC8-4AA0-BB86-7BFAF420D1B7}.Debug|x64.Build.0 = Debug|x64
		{55B08873-DCC8-4AA0-BB86-7BFAF420D1B7}.Debug|x86.ActiveCfg = Debug|Win32
		{55B08873-DCC8-4AA0-BB86-7BFAF420D1B7}.Debug|x86.Build.0 = Debug|Win32
		{55B08873-DCC8-4AA0-BB86-7BFAF420D1B7}.Release|x64.ActiveCfg = Release|x64
		{55B08873-DCC8-4AA0-BB86-7BFAF420D1B7}.Release|x64.Build.0 = Release|x64
		{55B08873-DCC8-4AA0-BB86-7BFAF420D1B7}.Release|x86.ActiveCfg = Release|Win32
		{55B08873-DCC8-4AA0-BB86-7BFAF420D1B7}.Release|x86.Build.0 = Release|Win32
	EndGlobalSection
	GlobalSection(SolutionProperties) = preSolution
		HideSolutionNode = FALSE
	EndGlobalSection
EndGlobal
